
Microsoft Visual Studio Solution File, Format Version 12.00
# Visual Studio Version 17
VisualStudioVersion = 17.4.33213.308
MinimumVisualStudioVersion = 10.0.40219.1
Project("{FAE04EC0-301F-11D3-BF4B-00C04F79EFBC}") = "SpeedyAir.ly", "SpeedyAir.ly\SpeedyAir.ly.csproj", "{8E38BC5C-4080-475F-815F-4F1EE6D7DAA1}"
EndProject
Global
	GlobalSection(SolutionConfigurationPlatforms) = preSolution
		Debug|Any CPU = Debug|Any CPU
		Release|Any CPU = Release|Any CPU
	EndGlobalSection
	GlobalSection(ProjectConfigurationPlatforms) = postSolution
		{8E38BC5C-4080-475F-815F-4F1EE6D7DAA1}.Debug|Any CPU.ActiveCfg = Debug|Any CPU
		{8E38BC5C-4080-475F-815F-4F1EE6D7DAA1}.Debug|Any CPU.Build.0 = Debug|Any CPU
		{8E38BC5C-4080-475F-815F-4F1EE6D7DAA1}.Release|Any CPU.ActiveCfg = Release|Any CPU
		{8E38BC5C-4080-475F-815F-4F1EE6D7DAA1}.Release|Any CPU.Build.0 = Release|Any CPU
	EndGlobalSection
	GlobalSection(SolutionProperties) = preSolution
		HideSolutionNode = FALSE
	EndGlobalSection
	GlobalSection(ExtensibilityGlobals) = postSolution
		SolutionGuid = {26940E03-BBF2-42B1-9F59-876347DF7E9C}
	EndGlobalSection
EndGlobal
